
Microsoft Visual Studio Solution File, Format Version 12.00
# Visual Studio Version 16
VisualStudioVersion = 16.0.31410.357
MinimumVisualStudioVersion = 10.0.40219.1
Project("{FAE04EC0-301F-11D3-BF4B-00C04F79EFBC}") = "Homework", "Homework\Homework.csproj", "{7C04FA27-60C4-4B39-BC65-377D55BF6646}"
EndProject
Global
	GlobalSection(SolutionConfigurationPlatforms) = preSolution
		Debug|Any CPU = Debug|Any CPU
		Release|Any CPU = Release|Any CPU
	EndGlobalSection
	GlobalSection(ProjectConfigurationPlatforms) = postSolution
		{7C04FA27-60C4-4B39-BC65-377D55BF6646}.Debug|Any CPU.ActiveCfg = Debug|Any CPU
		{7C04FA27-60C4-4B39-BC65-377D55BF6646}.Debug|Any CPU.Build.0 = Debug|Any CPU
		{7C04FA27-60C4-4B39-BC65-377D55BF6646}.Release|Any CPU.ActiveCfg = Release|Any CPU
		{7C04FA27-60C4-4B39-BC65-377D55BF6646}.Release|Any CPU.Build.0 = Release|Any CPU
	EndGlobalSection
	GlobalSection(SolutionProperties) = preSolution
		HideSolutionNode = FALSE
	EndGlobalSection
	GlobalSection(ExtensibilityGlobals) = postSolution
		SolutionGuid = {19129504-04BA-4661-AF59-B4C4D8631A15}
	EndGlobalSection
EndGlobal
